
Microsoft Visual Studio Solution File, Format Version 12.00
# Visual Studio Version 16
VisualStudioVersion = 16.0.29519.87
MinimumVisualStudioVersion = 10.0.40219.1
Project("{9A19103F-16F7-4668-BE54-9A1E7A4F7556}") = "GreenEvent", "GreenEvent.csproj", "{9AE1F8D7-4C0F-4320-98DE-268F58EA5EDE}"
EndProject
Global
	GlobalSection(SolutionConfigurationPlatforms) = preSolution
		Debug|Any CPU = Debug|Any CPU
		Release|Any CPU = Release|Any CPU
	EndGlobalSection
	GlobalSection(ProjectConfigurationPlatforms) = postSolution
		{9AE1F8D7-4C0F-4320-98DE-268F58EA5EDE}.Debug|Any CPU.ActiveCfg = Debug|Any CPU
		{9AE1F8D7-4C0F-4320-98DE-268F58EA5EDE}.Debug|Any CPU.Build.0 = Debug|Any CPU
		{9AE1F8D7-4C0F-4320-98DE-268F58EA5EDE}.Release|Any CPU.ActiveCfg = Release|Any CPU
		{9AE1F8D7-4C0F-4320-98DE-268F58EA5EDE}.Release|Any CPU.Build.0 = Release|Any CPU
	EndGlobalSection
	GlobalSection(SolutionProperties) = preSolution
		HideSolutionNode = FALSE
	EndGlobalSection
	GlobalSection(ExtensibilityGlobals) = postSolution
		SolutionGuid = {1D64BF2B-A997-4BBF-81A2-7764704736BB}
	EndGlobalSection
EndGlobal
